
Microsoft Visual Studio Solution File, Format Version 12.00
# Visual Studio Version 17
VisualStudioVersion = 17.5.33424.131
MinimumVisualStudioVersion = 10.0.40219.1
Project("{9A19103F-16F7-4668-BE54-9A1E7A4F7556}") = "daythreeproj", "daythreeproj\daythreeproj.csproj", "{4495798C-1B19-4CF9-9D52-45292CB7DC65}"
EndProject
Project("{FAE04EC0-301F-11D3-BF4B-00C04F79EFBC}") = "Connection", "Connection\Connection.csproj", "{BE294668-8541-4A16-8B65-5F28090FD14A}"
EndProject
Global
	GlobalSection(SolutionConfigurationPlatforms) = preSolution
		Debug|Any CPU = Debug|Any CPU
		Release|Any CPU = Release|Any CPU
	EndGlobalSection
	GlobalSection(ProjectConfigurationPlatforms) = postSolution
		{4495798C-1B19-4CF9-9D52-45292CB7DC65}.Debug|Any CPU.ActiveCfg = Debug|Any CPU
		{4495798C-1B19-4CF9-9D52-45292CB7DC65}.Debug|Any CPU.Build.0 = Debug|Any CPU
		{4495798C-1B19-4CF9-9D52-45292CB7DC65}.Release|Any CPU.ActiveCfg = Release|Any CPU
		{4495798C-1B19-4CF9-9D52-45292CB7DC65}.Release|Any CPU.Build.0 = Release|Any CPU
		{BE294668-8541-4A16-8B65-5F28090FD14A}.Debug|Any CPU.ActiveCfg = Debug|Any CPU
		{BE294668-8541-4A16-8B65-5F28090FD14A}.Debug|Any CPU.Build.0 = Debug|Any CPU
		{BE294668-8541-4A16-8B65-5F28090FD14A}.Release|Any CPU.ActiveCfg = Release|Any CPU
		{BE294668-8541-4A16-8B65-5F28090FD14A}.Release|Any CPU.Build.0 = Release|Any CPU
	EndGlobalSection
	GlobalSection(SolutionProperties) = preSolution
		HideSolutionNode = FALSE
	EndGlobalSection
	GlobalSection(ExtensibilityGlobals) = postSolution
		SolutionGuid = {FC9CA5E5-3B2C-4F8B-BAF0-31AF7D6C3152}
	EndGlobalSection
EndGlobal
